// !$*UTF8*$!
{
	archiveVersion = 1;
	classes = {
	};
	objectVersion = 56;
	objects = {

/* Begin PBXBuildFile section */
		653726C72A20A2F8003392BB /* CarOrderingApp.swift in Sources */ = {isa = PBXBuildFile; fileRef = 653726C62A20A2F8003392BB /* CarOrderingApp.swift */; };
		653726C92A20A2F8003392BB /* ContentView.swift in Sources */ = {isa = PBXBuildFile; fileRef = 653726C82A20A2F8003392BB /* ContentView.swift */; };
		653726CB2A20A2FB003392BB /* Assets.xcassets in Resources */ = {isa = PBXBuildFile; fileRef = 653726CA2A20A2FB003392BB /* Assets.xcassets */; };
		653726CE2A20A2FB003392BB /* Preview Assets.xcassets in Resources */ = {isa = PBXBuildFile; fileRef = 653726CD2A20A2FB003392BB /* Preview Assets.xcassets */; };
		653726D52A20A32E003392BB /* CarDetailView.swift in Sources */ = {isa = PBXBuildFile; fileRef = 653726D42A20A32E003392BB /* CarDetailView.swift */; };
		653726D72A20A685003392BB /* CarInfoDetailView.swift in Sources */ = {isa = PBXBuildFile; fileRef = 653726D62A20A684003392BB /* CarInfoDetailView.swift */; };
		653726D92A20AEA8003392BB /* CarInfoPhotosView.swift in Sources */ = {isa = PBXBuildFile; fileRef = 653726D82A20AEA8003392BB /* CarInfoPhotosView.swift */; };
		653726DB2A20B0FC003392BB /* CarInfoView.swift in Sources */ = {isa = PBXBuildFile; fileRef = 653726DA2A20B0FC003392BB /* CarInfoView.swift */; };
		653726DD2A20B168003392BB /* CarInfoBasicView.swift in Sources */ = {isa = PBXBuildFile; fileRef = 653726DC2A20B168003392BB /* CarInfoBasicView.swift */; };
		65482A062A250E01009C3AA6 /* TeslaButtonStyle.swift in Sources */ = {isa = PBXBuildFile; fileRef = 65482A052A250E00009C3AA6 /* TeslaButtonStyle.swift */; };
		65482A082A250E42009C3AA6 /* TopOrderView.swift in Sources */ = {isa = PBXBuildFile; fileRef = 65482A072A250E42009C3AA6 /* TopOrderView.swift */; };
		6593F1B02A219B1100C7A2F0 /* OrderViewModel.swift in Sources */ = {isa = PBXBuildFile; fileRef = 6593F1AF2A219B1100C7A2F0 /* OrderViewModel.swift */; };
		6593F1B22A219B5800C7A2F0 /* FormView.swift in Sources */ = {isa = PBXBuildFile; fileRef = 6593F1B12A219B5800C7A2F0 /* FormView.swift */; };
		6593F1B62A24891500C7A2F0 /* TopOrdersView.swift in Sources */ = {isa = PBXBuildFile; fileRef = 6593F1B52A24891500C7A2F0 /* TopOrdersView.swift */; };
		6593F1B82A248D9100C7A2F0 /* BottomOrderView.swift in Sources */ = {isa = PBXBuildFile; fileRef = 6593F1B72A248D9100C7A2F0 /* BottomOrderView.swift */; };
		6593F1BA2A24928600C7A2F0 /* CompleteOrderView.swift in Sources */ = {isa = PBXBuildFile; fileRef = 6593F1B92A24928500C7A2F0 /* CompleteOrderView.swift */; };
		6593F1BC2A249E1500C7A2F0 /* VibrancyBackground.swift in Sources */ = {isa = PBXBuildFile; fileRef = 6593F1BB2A249E1500C7A2F0 /* VibrancyBackground.swift */; };
		6593F1BE2A249E9700C7A2F0 /* CancelOrderView.swift in Sources */ = {isa = PBXBuildFile; fileRef = 6593F1BD2A249E9700C7A2F0 /* CancelOrderView.swift */; };
		6593F1C02A249F3600C7A2F0 /* CancelModalView.swift in Sources */ = {isa = PBXBuildFile; fileRef = 6593F1BF2A249F3600C7A2F0 /* CancelModalView.swift */; };
		6593F1C22A24E53000C7A2F0 /* API.swift in Sources */ = {isa = PBXBuildFile; fileRef = 6593F1C12A24E53000C7A2F0 /* API.swift */; };
		6593F1C62A25080C00C7A2F0 /* NavigationBarView.swift in Sources */ = {isa = PBXBuildFile; fileRef = 6593F1C52A25080C00C7A2F0 /* NavigationBarView.swift */; };
		65DECD292A217E0E008115C1 /* power.swift in Sources */ = {isa = PBXBuildFile; fileRef = 65DECD282A217E0E008115C1 /* power.swift */; };
/* End PBXBuildFile section */

/* Begin PBXFileReference section */
		653726C32A20A2F8003392BB /* CarOrdering.app */ = {isa = PBXFileReference; explicitFileType = wrapper.application; includeInIndex = 0; path = CarOrdering.app; sourceTree = BUILT_PRODUCTS_DIR; };
		653726C62A20A2F8003392BB /* CarOrderingApp.swift */ = {isa = PBXFileReference; lastKnownFileType = sourcecode.swift; path = CarOrderingApp.swift; sourceTree = "<group>"; };
		653726C82A20A2F8003392BB /* ContentView.swift */ = {isa = PBXFileReference; lastKnownFileType = sourcecode.swift; path = ContentView.swift; sourceTree = "<group>"; };
		653726CA2A20A2FB003392BB /* Assets.xcassets */ = {isa = PBXFileReference; lastKnownFileType = folder.assetcatalog; path = Assets.xcassets; sourceTree = "<group>"; };
		653726CD2A20A2FB003392BB /* Preview Assets.xcassets */ = {isa = PBXFileReference; lastKnownFileType = folder.assetcatalog; path = "Preview Assets.xcassets"; sourceTree = "<group>"; };
		653726D42A20A32E003392BB /* CarDetailView.swift */ = {isa = PBXFileReference; lastKnownFileType = sourcecode.swift; path = CarDetailView.swift; sourceTree = "<group>"; };
		653726D62A20A684003392BB /* CarInfoDetailView.swift */ = {isa = PBXFileReference; lastKnownFileType = sourcecode.swift; path = CarInfoDetailView.swift; sourceTree = "<group>"; };
		653726D82A20AEA8003392BB /* CarInfoPhotosView.swift */ = {isa = PBXFileReference; lastKnownFileType = sourcecode.swift; path = CarInfoPhotosView.swift; sourceTree = "<group>"; };
		653726DA2A20B0FC003392BB /* CarInfoView.swift */ = {isa = PBXFileReference; lastKnownFileType = sourcecode.swift; path = CarInfoView.swift; sourceTree = "<group>"; };
		653726DC2A20B168003392BB /* CarInfoBasicView.swift */ = {isa = PBXFileReference; lastKnownFileType = sourcecode.swift; path = CarInfoBasicView.swift; sourceTree = "<group>"; };
		65482A052A250E00009C3AA6 /* TeslaButtonStyle.swift */ = {isa = PBXFileReference; fileEncoding = 4; lastKnownFileType = sourcecode.swift; path = TeslaButtonStyle.swift; sourceTree = "<group>"; };
		65482A072A250E42009C3AA6 /* TopOrderView.swift */ = {isa = PBXFileReference; fileEncoding = 4; lastKnownFileType = sourcecode.swift; path = TopOrderView.swift; sourceTree = "<group>"; };
		6593F1AF2A219B1100C7A2F0 /* OrderViewModel.swift */ = {isa = PBXFileReference; lastKnownFileType = sourcecode.swift; path = OrderViewModel.swift; sourceTree = "<group>"; };
		6593F1B12A219B5800C7A2F0 /* FormView.swift */ = {isa = PBXFileReference; lastKnownFileType = sourcecode.swift; path = FormView.swift; sourceTree = "<group>"; };
		6593F1B52A24891500C7A2F0 /* TopOrdersView.swift */ = {isa = PBXFileReference; lastKnownFileType = sourcecode.swift; path = TopOrdersView.swift; sourceTree = "<group>"; };
		6593F1B72A248D9100C7A2F0 /* BottomOrderView.swift */ = {isa = PBXFileReference; lastKnownFileType = sourcecode.swift; path = BottomOrderView.swift; sourceTree = "<group>"; };
		6593F1B92A24928500C7A2F0 /* CompleteOrderView.swift */ = {isa = PBXFileReference; lastKnownFileType = sourcecode.swift; path = CompleteOrderView.swift; sourceTree = "<group>"; };
		6593F1BB2A249E1500C7A2F0 /* VibrancyBackground.swift */ = {isa = PBXFileReference; lastKnownFileType = sourcecode.swift; path = VibrancyBackground.swift; sourceTree = "<group>"; };
		6593F1BD2A249E9700C7A2F0 /* CancelOrderView.swift */ = {isa = PBXFileReference; lastKnownFileType = sourcecode.swift; path = CancelOrderView.swift; sourceTree = "<group>"; };
		6593F1BF2A249F3600C7A2F0 /* CancelModalView.swift */ = {isa = PBXFileReference; lastKnownFileType = sourcecode.swift; path = CancelModalView.swift; sourceTree = "<group>"; };
		6593F1C12A24E53000C7A2F0 /* API.swift */ = {isa = PBXFileReference; lastKnownFileType = sourcecode.swift; path = API.swift; sourceTree = "<group>"; };
		6593F1C52A25080C00C7A2F0 /* NavigationBarView.swift */ = {isa = PBXFileReference; fileEncoding = 4; lastKnownFileType = sourcecode.swift; path = NavigationBarView.swift; sourceTree = "<group>"; };
		65DECD282A217E0E008115C1 /* power.swift */ = {isa = PBXFileReference; fileEncoding = 4; lastKnownFileType = sourcecode.swift; path = power.swift; sourceTree = "<group>"; };
/* End PBXFileReference section */

/* Begin PBXFrameworksBuildPhase section */
		653726C02A20A2F8003392BB /* Frameworks */ = {
			isa = PBXFrameworksBuildPhase;
			buildActionMask = 2147483647;
			files = (
			);
			runOnlyForDeploymentPostprocessing = 0;
		};
/* End PBXFrameworksBuildPhase section */

/* Begin PBXGroup section */
		653726BA2A20A2F8003392BB = {
			isa = PBXGroup;
			children = (
				6593F1C12A24E53000C7A2F0 /* API.swift */,
				6593F1BF2A249F3600C7A2F0 /* CancelModalView.swift */,
				6593F1BD2A249E9700C7A2F0 /* CancelOrderView.swift */,
				6593F1BB2A249E1500C7A2F0 /* VibrancyBackground.swift */,
				6593F1B92A24928500C7A2F0 /* CompleteOrderView.swift */,
				6593F1B72A248D9100C7A2F0 /* BottomOrderView.swift */,
				65482A072A250E42009C3AA6 /* TopOrderView.swift */,
				6593F1B52A24891500C7A2F0 /* TopOrdersView.swift */,
				6593F1B12A219B5800C7A2F0 /* FormView.swift */,
				6593F1C52A25080C00C7A2F0 /* NavigationBarView.swift */,
				65482A052A250E00009C3AA6 /* TeslaButtonStyle.swift */,
				6593F1AF2A219B1100C7A2F0 /* OrderViewModel.swift */,
				653726C52A20A2F8003392BB /* CarOrdering */,
				653726C42A20A2F8003392BB /* Products */,
			);
			sourceTree = "<group>";
		};
		653726C42A20A2F8003392BB /* Products */ = {
			isa = PBXGroup;
			children = (
				653726C32A20A2F8003392BB /* CarOrdering.app */,
			);
			name = Products;
			sourceTree = "<group>";
		};
		653726C52A20A2F8003392BB /* CarOrdering */ = {
			isa = PBXGroup;
			children = (
				653726C62A20A2F8003392BB /* CarOrderingApp.swift */,
				653726C82A20A2F8003392BB /* ContentView.swift */,
				653726CA2A20A2FB003392BB /* Assets.xcassets */,
				653726CC2A20A2FB003392BB /* Preview Content */,
				653726D42A20A32E003392BB /* CarDetailView.swift */,
				653726D62A20A684003392BB /* CarInfoDetailView.swift */,
				653726D82A20AEA8003392BB /* CarInfoPhotosView.swift */,
				653726DA2A20B0FC003392BB /* CarInfoView.swift */,
				653726DC2A20B168003392BB /* CarInfoBasicView.swift */,
				65DECD282A217E0E008115C1 /* power.swift */,
			);
			path = CarOrdering;
			sourceTree = "<group>";
		};
		653726CC2A20A2FB003392BB /* Preview Content */ = {
			isa = PBXGroup;
			children = (
				653726CD2A20A2FB003392BB /* Preview Assets.xcassets */,
			);
			path = "Preview Content";
			sourceTree = "<group>";
		};
/* End PBXGroup section */

/* Begin PBXNativeTarget section */
		653726C22A20A2F8003392BB /* CarOrdering */ = {
			isa = PBXNativeTarget;
			buildConfigurationList = 653726D12A20A2FB003392BB /* Build configuration list for PBXNativeTarget "CarOrdering" */;
			buildPhases = (
				653726BF2A20A2F8003392BB /* Sources */,
				653726C02A20A2F8003392BB /* Frameworks */,
				653726C12A20A2F8003392BB /* Resources */,
			);
			buildRules = (
			);
			dependencies = (
			);
			name = CarOrdering;
			productName = CarOrdering;
			productReference = 653726C32A20A2F8003392BB /* CarOrdering.app */;
			productType = "com.apple.product-type.application";
		};
/* End PBXNativeTarget section */

/* Begin PBXProject section */
		653726BB2A20A2F8003392BB /* Project object */ = {
			isa = PBXProject;
			attributes = {
				BuildIndependentTargetsInParallel = 1;
				LastSwiftUpdateCheck = 1400;
				LastUpgradeCheck = 1400;
				TargetAttributes = {
					653726C22A20A2F8003392BB = {
						CreatedOnToolsVersion = 14.0.1;
					};
				};
			};
			buildConfigurationList = 653726BE2A20A2F8003392BB /* Build configuration list for PBXProject "CarOrdering" */;
			compatibilityVersion = "Xcode 14.0";
			developmentRegion = en;
			hasScannedForEncodings = 0;
			knownRegions = (
				en,
				Base,
			);
			mainGroup = 653726BA2A20A2F8003392BB;
			productRefGroup = 653726C42A20A2F8003392BB /* Products */;
			projectDirPath = "";
			projectRoot = "";
			targets = (
				653726C22A20A2F8003392BB /* CarOrdering */,
			);
		};
/* End PBXProject section */

/* Begin PBXResourcesBuildPhase section */
		653726C12A20A2F8003392BB /* Resources */ = {
			isa = PBXResourcesBuildPhase;
			buildActionMask = 2147483647;
			files = (
				653726CE2A20A2FB003392BB /* Preview Assets.xcassets in Resources */,
				653726CB2A20A2FB003392BB /* Assets.xcassets in Resources */,
			);
			runOnlyForDeploymentPostprocessing = 0;
		};
/* End PBXResourcesBuildPhase section */

/* Begin PBXSourcesBuildPhase section */
		653726BF2A20A2F8003392BB /* Sources */ = {
			isa = PBXSourcesBuildPhase;
			buildActionMask = 2147483647;
			files = (
				65482A062A250E01009C3AA6 /* TeslaButtonStyle.swift in Sources */,
				653726C92A20A2F8003392BB /* ContentView.swift in Sources */,
				653726D92A20AEA8003392BB /* CarInfoPhotosView.swift in Sources */,
				65482A082A250E42009C3AA6 /* TopOrderView.swift in Sources */,
				6593F1BC2A249E1500C7A2F0 /* VibrancyBackground.swift in Sources */,
				6593F1B22A219B5800C7A2F0 /* FormView.swift in Sources */,
				6593F1B82A248D9100C7A2F0 /* BottomOrderView.swift in Sources */,
				653726D52A20A32E003392BB /* CarDetailView.swift in Sources */,
				6593F1B02A219B1100C7A2F0 /* OrderViewModel.swift in Sources */,
				65DECD292A217E0E008115C1 /* power.swift in Sources */,
				6593F1BA2A24928600C7A2F0 /* CompleteOrderView.swift in Sources */,
				6593F1B62A24891500C7A2F0 /* TopOrdersView.swift in Sources */,
				653726DB2A20B0FC003392BB /* CarInfoView.swift in Sources */,
				653726D72A20A685003392BB /* CarInfoDetailView.swift in Sources */,
				6593F1C62A25080C00C7A2F0 /* NavigationBarView.swift in Sources */,
				6593F1BE2A249E9700C7A2F0 /* CancelOrderView.swift in Sources */,
				653726DD2A20B168003392BB /* CarInfoBasicView.swift in Sources */,
				653726C72A20A2F8003392BB /* CarOrderingApp.swift in Sources */,
				6593F1C22A24E53000C7A2F0 /* API.swift in Sources */,
				6593F1C02A249F3600C7A2F0 /* CancelModalView.swift in Sources */,
			);
			runOnlyForDeploymentPostprocessing = 0;
		};
/* End PBXSourcesBuildPhase section */

/* Begin XCBuildConfiguration section */
		653726CF2A20A2FB003392BB /* Debug */ = {
			isa = XCBuildConfiguration;
			buildSettings = {
				ALWAYS_SEARCH_USER_PATHS = NO;
				CLANG_ANALYZER_NONNULL = YES;
				CLANG_ANALYZER_NUMBER_OBJECT_CONVERSION = YES_AGGRESSIVE;
				CLANG_CXX_LANGUAGE_STANDARD = "gnu++20";
				CLANG_ENABLE_MODULES = YES;
				CLANG_ENABLE_OBJC_ARC = YES;
				CLANG_ENABLE_OBJC_WEAK = YES;
				CLANG_WARN_BLOCK_CAPTURE_AUTORELEASING = YES;
				CLANG_WARN_BOOL_CONVERSION = YES;
				CLANG_WARN_COMMA = YES;
				CLANG_WARN_CONSTANT_CONVERSION = YES;
				CLANG_WARN_DEPRECATED_OBJC_IMPLEMENTATIONS = YES;
				CLANG_WARN_DIRECT_OBJC_ISA_USAGE = YES_ERROR;
				CLANG_WARN_DOCUMENTATION_COMMENTS = YES;
				CLANG_WARN_EMPTY_BODY = YES;
				CLANG_WARN_ENUM_CONVERSION = YES;
				CLANG_WARN_INFINITE_RECURSION = YES;
				CLANG_WARN_INT_CONVERSION = YES;
				CLANG_WARN_NON_LITERAL_NULL_CONVERSION = YES;
				CLANG_WARN_OBJC_IMPLICIT_RETAIN_SELF = YES;
				CLANG_WARN_OBJC_LITERAL_CONVERSION = YES;
				CLANG_WARN_OBJC_ROOT_CLASS = YES_ERROR;
				CLANG_WARN_QUOTED_INCLUDE_IN_FRAMEWORK_HEADER = YES;
				CLANG_WARN_RANGE_LOOP_ANALYSIS = YES;
				CLANG_WARN_STRICT_PROTOTYPES = YES;
				CLANG_WARN_SUSPICIOUS_MOVE = YES;
				CLANG_WARN_UNGUARDED_AVAILABILITY = YES_AGGRESSIVE;
				CLANG_WARN_UNREACHABLE_CODE = YES;
				CLANG_WARN__DUPLICATE_METHOD_MATCH = YES;
				COPY_PHASE_STRIP = NO;
				DEBUG_INFORMATION_FORMAT = dwarf;
				ENABLE_STRICT_OBJC_MSGSEND = YES;
				ENABLE_TESTABILITY = YES;
				GCC_C_LANGUAGE_STANDARD = gnu11;
				GCC_DYNAMIC_NO_PIC = NO;
				GCC_NO_COMMON_BLOCKS = YES;
				GCC_OPTIMIZATION_LEVEL = 0;
				GCC_PREPROCESSOR_DEFINITIONS = (
					"DEBUG=1",
					"$(inherited)",
				);
				GCC_WARN_64_TO_32_BIT_CONVERSION = YES;
				GCC_WARN_ABOUT_RETURN_TYPE = YES_ERROR;
				GCC_WARN_UNDECLARED_SELECTOR = YES;
				GCC_WARN_UNINITIALIZED_AUTOS = YES_AGGRESSIVE;
				GCC_WARN_UNUSED_FUNCTION = YES;
				GCC_WARN_UNUSED_VARIABLE = YES;
				IPHONEOS_DEPLOYMENT_TARGET = 16.0;
				MTL_ENABLE_DEBUG_INFO = INCLUDE_SOURCE;
				MTL_FAST_MATH = YES;
				ONLY_ACTIVE_ARCH = YES;
				SDKROOT = iphoneos;
				SWIFT_ACTIVE_COMPILATION_CONDITIONS = DEBUG;
				SWIFT_OPTIMIZATION_LEVEL = "-Onone";
			};
			name = Debug;
		};
		653726D02A20A2FB003392BB /* Release */ = {
			isa = XCBuildConfiguration;
			buildSettings = {
				ALWAYS_SEARCH_USER_PATHS = NO;
				CLANG_ANALYZER_NONNULL = YES;
				CLANG_ANALYZER_NUMBER_OBJECT_CONVERSION = YES_AGGRESSIVE;
				CLANG_CXX_LANGUAGE_STANDARD = "gnu++20";
				CLANG_ENABLE_MODULES = YES;
				CLANG_ENABLE_OBJC_ARC = YES;
				CLANG_ENABLE_OBJC_WEAK = YES;
				CLANG_WARN_BLOCK_CAPTURE_AUTORELEASING = YES;
				CLANG_WARN_BOOL_CONVERSION = YES;
				CLANG_WARN_COMMA = YES;
				CLANG_WARN_CONSTANT_CONVERSION = YES;
				CLANG_WARN_DEPRECATED_OBJC_IMPLEMENTATIONS = YES;
				CLANG_WARN_DIRECT_OBJC_ISA_USAGE = YES_ERROR;
				CLANG_WARN_DOCUMENTATION_COMMENTS = YES;
				CLANG_WARN_EMPTY_BODY = YES;
				CLANG_WARN_ENUM_CONVERSION = YES;
				CLANG_WARN_INFINITE_RECURSION = YES;
				CLANG_WARN_INT_CONVERSION = YES;
				CLANG_WARN_NON_LITERAL_NULL_CONVERSION = YES;
				CLANG_WARN_OBJC_IMPLICIT_RETAIN_SELF = YES;
				CLANG_WARN_OBJC_LITERAL_CONVERSION = YES;
				CLANG_WARN_OBJC_ROOT_CLASS = YES_ERROR;
				CLANG_WARN_QUOTED_INCLUDE_IN_FRAMEWORK_HEADER = YES;
				CLANG_WARN_RANGE_LOOP_ANALYSIS = YES;
				CLANG_WARN_STRICT_PROTOTYPES = YES;
				CLANG_WARN_SUSPICIOUS_MOVE = YES;
				CLANG_WARN_UNGUARDED_AVAILABILITY = YES_AGGRESSIVE;
				CLANG_WARN_UNREACHABLE_CODE = YES;
				CLANG_WARN__DUPLICATE_METHOD_MATCH = YES;
				COPY_PHASE_STRIP = NO;
				DEBUG_INFORMATION_FORMAT = "dwarf-with-dsym";
				ENABLE_NS_ASSERTIONS = NO;
				ENABLE_STRICT_OBJC_MSGSEND = YES;
				GCC_C_LANGUAGE_STANDARD = gnu11;
				GCC_NO_COMMON_BLOCKS = YES;
				GCC_WARN_64_TO_32_BIT_CONVERSION = YES;
				GCC_WARN_ABOUT_RETURN_TYPE = YES_ERROR;
				GCC_WARN_UNDECLARED_SELECTOR = YES;
				GCC_WARN_UNINITIALIZED_AUTOS = YES_AGGRESSIVE;
				GCC_WARN_UNUSED_FUNCTION = YES;
				GCC_WARN_UNUSED_VARIABLE = YES;
				IPHONEOS_DEPLOYMENT_TARGET = 16.0;
				MTL_ENABLE_DEBUG_INFO = NO;
				MTL_FAST_MATH = YES;
				SDKROOT = iphoneos;
				SWIFT_COMPILATION_MODE = wholemodule;
				SWIFT_OPTIMIZATION_LEVEL = "-O";
				VALIDATE_PRODUCT = YES;
			};
			name = Release;
		};
		653726D22A20A2FB003392BB /* Debug */ = {
			isa = XCBuildConfiguration;
			buildSettings = {
				ASSETCATALOG_COMPILER_APPICON_NAME = AppIcon;
				ASSETCATALOG_COMPILER_GLOBAL_ACCENT_COLOR_NAME = AccentColor;
				CODE_SIGN_STYLE = Automatic;
				CURRENT_PROJECT_VERSION = 1;
				DEVELOPMENT_ASSET_PATHS = "\"CarOrdering/Preview Content\"";
				DEVELOPMENT_TEAM = TNDSG59C74;
				ENABLE_PREVIEWS = YES;
				GENERATE_INFOPLIST_FILE = YES;
				INFOPLIST_KEY_UIApplicationSceneManifest_Generation = YES;
				INFOPLIST_KEY_UIApplicationSupportsIndirectInputEvents = YES;
				INFOPLIST_KEY_UILaunchScreen_Generation = YES;
				INFOPLIST_KEY_UISupportedInterfaceOrientations_iPad = "UIInterfaceOrientationPortrait UIInterfaceOrientationPortraitUpsideDown UIInterfaceOrientationLandscapeLeft UIInterfaceOrientationLandscapeRight";
				INFOPLIST_KEY_UISupportedInterfaceOrientations_iPhone = "UIInterfaceOrientationPortrait UIInterfaceOrientationLandscapeLeft UIInterfaceOrientationLandscapeRight";
				LD_RUNPATH_SEARCH_PATHS = (
					"$(inherited)",
					"@executable_path/Frameworks",
				);
				MARKETING_VERSION = 1.0;
				PRODUCT_BUNDLE_IDENTIFIER = domain.CarOrdering;
				PRODUCT_NAME = "$(TARGET_NAME)";
				SWIFT_EMIT_LOC_STRINGS = YES;
				SWIFT_VERSION = 5.0;
				TARGETED_DEVICE_FAMILY = "1,2";
			};
			name = Debug;
		};
		653726D32A20A2FB003392BB /* Release */ = {
			isa = XCBuildConfiguration;
			buildSettings = {
				ASSETCATALOG_COMPILER_APPICON_NAME = AppIcon;
				ASSETCATALOG_COMPILER_GLOBAL_ACCENT_COLOR_NAME = AccentColor;
				CODE_SIGN_STYLE = Automatic;
				CURRENT_PROJECT_VERSION = 1;
				DEVELOPMENT_ASSET_PATHS = "\"CarOrdering/Preview Content\"";
				DEVELOPMENT_TEAM = TNDSG59C74;
				ENABLE_PREVIEWS = YES;
				GENERATE_INFOPLIST_FILE = YES;
				INFOPLIST_KEY_UIApplicationSceneManifest_Generation = YES;
				INFOPLIST_KEY_UIApplicationSupportsIndirectInputEvents = YES;
				INFOPLIST_KEY_UILaunchScreen_Generation = YES;
				INFOPLIST_KEY_UISupportedInterfaceOrientations_iPad = "UIInterfaceOrientationPortrait UIInterfaceOrientationPortraitUpsideDown UIInterfaceOrientationLandscapeLeft UIInterfaceOrientationLandscapeRight";
				INFOPLIST_KEY_UISupportedInterfaceOrientations_iPhone = "UIInterfaceOrientationPortrait UIInterfaceOrientationLandscapeLeft UIInterfaceOrientationLandscapeRight";
				LD_RUNPATH_SEARCH_PATHS = (
					"$(inherited)",
					"@executable_path/Frameworks",
				);
				MARKETING_VERSION = 1.0;
				PRODUCT_BUNDLE_IDENTIFIER = domain.CarOrdering;
				PRODUCT_NAME = "$(TARGET_NAME)";
				SWIFT_EMIT_LOC_STRINGS = YES;
				SWIFT_VERSION = 5.0;
				TARGETED_DEVICE_FAMILY = "1,2";
			};
			name = Release;
		};
/* End XCBuildConfiguration section */

/* Begin XCConfigurationList section */
		653726BE2A20A2F8003392BB /* Build configuration list for PBXProject "CarOrdering" */ = {
			isa = XCConfigurationList;
			buildConfigurations = (
				653726CF2A20A2FB003392BB /* Debug */,
				653726D02A20A2FB003392BB /* Release */,
			);
			defaultConfigurationIsVisible = 0;
			defaultConfigurationName = Release;
		};
		653726D12A20A2FB003392BB /* Build configuration list for PBXNativeTarget "CarOrdering" */ = {
			isa = XCConfigurationList;
			buildConfigurations = (
				653726D22A20A2FB003392BB /* Debug */,
				653726D32A20A2FB003392BB /* Release */,
			);
			defaultConfigurationIsVisible = 0;
			defaultConfigurationName = Release;
		};
/* End XCConfigurationList section */
	};
	rootObject = 653726BB2A20A2F8003392BB /* Project object */;
}
